{
  "name": "pollster",
  "lockfileVersion": 2,
  "requires": true,
  "packages": {
    "": {
      "dependencies": {
        "zingchart": "^2.9.4"
      }
    },
    "node_modules/zingchart": {
      "version": "2.9.4",
      "resolved": "https://registry.npmjs.org/zingchart/-/zingchart-2.9.4.tgz",
      "integrity": "sha512-cpUiaqlfSdkatx69FWLSeteckQlRcrARHt0qsCUIxAUifLVdwVrDTm8r5GL2qkYzT1AyQqhPHqmF2crGyLo23w=="
    }
  },
  "dependencies": {
    "zingchart": {
      "version": "2.9.4",
      "resolved": "https://registry.npmjs.org/zingchart/-/zingchart-2.9.4.tgz",
      "integrity": "sha512-cpUiaqlfSdkatx69FWLSeteckQlRcrARHt0qsCUIxAUifLVdwVrDTm8r5GL2qkYzT1AyQqhPHqmF2crGyLo23w=="
    }
  }
}
